
Microsoft Visual Studio Solution File, Format Version 12.00
# Visual Studio Version 16
VisualStudioVersion = 16.0.29102.190
MinimumVisualStudioVersion = 10.0.40219.1
Project("{FAE04EC0-301F-11D3-BF4B-00C04F79EFBC}") = "AppointmentConsoleApp", "AppointmentConsoleApp\AppointmentConsoleApp.csproj", "{14F963A0-8167-4FEA-9031-05D3161A3D09}"
EndProject
Global
	GlobalSection(SolutionConfigurationPlatforms) = preSolution
		Debug|Any CPU = Debug|Any CPU
		Release|Any CPU = Release|Any CPU
	EndGlobalSection
	GlobalSection(ProjectConfigurationPlatforms) = postSolution
		{14F963A0-8167-4FEA-9031-05D3161A3D09}.Debug|Any CPU.ActiveCfg = Debug|Any CPU
		{14F963A0-8167-4FEA-9031-05D3161A3D09}.Debug|Any CPU.Build.0 = Debug|Any CPU
		{14F963A0-8167-4FEA-9031-05D3161A3D09}.Release|Any CPU.ActiveCfg = Release|Any CPU
		{14F963A0-8167-4FEA-9031-05D3161A3D09}.Release|Any CPU.Build.0 = Release|Any CPU
	EndGlobalSection
	GlobalSection(SolutionProperties) = preSolution
		HideSolutionNode = FALSE
	EndGlobalSection
	GlobalSection(ExtensibilityGlobals) = postSolution
		SolutionGuid = {FE6FA609-8B60-4664-837D-DECC47641651}
	EndGlobalSection
EndGlobal
